// !$*UTF8*$!
{
	archiveVersion = 1;
	classes = {
	};
	objectVersion = 56;
	objects = {

/* Begin PBXBuildFile section */
		0524054F99491B6479E4015D /* Pods_DFN_sample_project.framework in Frameworks */ = {isa = PBXBuildFile; fileRef = EAE71941B6A190D3A71A65F7 /* Pods_DFN_sample_project.framework */; };
		75EE4CE828A231AC007A75ED /* AppDelegate.swift in Sources */ = {isa = PBXBuildFile; fileRef = 75EE4CE728A231AC007A75ED /* AppDelegate.swift */; };
		75EE4CEA28A231AC007A75ED /* SceneDelegate.swift in Sources */ = {isa = PBXBuildFile; fileRef = 75EE4CE928A231AC007A75ED /* SceneDelegate.swift */; };
		75EE4CEC28A231AC007A75ED /* ViewController.swift in Sources */ = {isa = PBXBuildFile; fileRef = 75EE4CEB28A231AC007A75ED /* ViewController.swift */; };
		75EE4CEF28A231AC007A75ED /* Main.storyboard in Resources */ = {isa = PBXBuildFile; fileRef = 75EE4CED28A231AC007A75ED /* Main.storyboard */; };
		75EE4CF128A231AD007A75ED /* Assets.xcassets in Resources */ = {isa = PBXBuildFile; fileRef = 75EE4CF028A231AD007A75ED /* Assets.xcassets */; };
		75EE4CF428A231AD007A75ED /* LaunchScreen.storyboard in Resources */ = {isa = PBXBuildFile; fileRef = 75EE4CF228A231AD007A75ED /* LaunchScreen.storyboard */; };
/* End PBXBuildFile section */

/* Begin PBXFileReference section */
		65EC7B36044FCA64377053B6 /* Pods-DFN_sample_project.release.xcconfig */ = {isa = PBXFileReference; includeInIndex = 1; lastKnownFileType = text.xcconfig; name = "Pods-DFN_sample_project.release.xcconfig"; path = "Target Support Files/Pods-DFN_sample_project/Pods-DFN_sample_project.release.xcconfig"; sourceTree = "<group>"; };
		75EE4CE428A231AC007A75ED /* DFN_sample_project.app */ = {isa = PBXFileReference; explicitFileType = wrapper.application; includeInIndex = 0; path = DFN_sample_project.app; sourceTree = BUILT_PRODUCTS_DIR; };
		75EE4CE728A231AC007A75ED /* AppDelegate.swift */ = {isa = PBXFileReference; lastKnownFileType = sourcecode.swift; path = AppDelegate.swift; sourceTree = "<group>"; };
		75EE4CE928A231AC007A75ED /* SceneDelegate.swift */ = {isa = PBXFileReference; lastKnownFileType = sourcecode.swift; path = SceneDelegate.swift; sourceTree = "<group>"; };
		75EE4CEB28A231AC007A75ED /* ViewController.swift */ = {isa = PBXFileReference; lastKnownFileType = sourcecode.swift; path = ViewController.swift; sourceTree = "<group>"; };
		75EE4CEE28A231AC007A75ED /* Base */ = {isa = PBXFileReference; lastKnownFileType = file.storyboard; name = Base; path = Base.lproj/Main.storyboard; sourceTree = "<group>"; };
		75EE4CF028A231AD007A75ED /* Assets.xcassets */ = {isa = PBXFileReference; lastKnownFileType = folder.assetcatalog; path = Assets.xcassets; sourceTree = "<group>"; };
		75EE4CF328A231AD007A75ED /* Base */ = {isa = PBXFileReference; lastKnownFileType = file.storyboard; name = Base; path = Base.lproj/LaunchScreen.storyboard; sourceTree = "<group>"; };
		75EE4CF528A231AD007A75ED /* Info.plist */ = {isa = PBXFileReference; lastKnownFileType = text.plist.xml; path = Info.plist; sourceTree = "<group>"; };
		CC7FD0D564661ABD374A6456 /* Pods-DFN_sample_project.debug.xcconfig */ = {isa = PBXFileReference; includeInIndex = 1; lastKnownFileType = text.xcconfig; name = "Pods-DFN_sample_project.debug.xcconfig"; path = "Target Support Files/Pods-DFN_sample_project/Pods-DFN_sample_project.debug.xcconfig"; sourceTree = "<group>"; };
		EAE71941B6A190D3A71A65F7 /* Pods_DFN_sample_project.framework */ = {isa = PBXFileReference; explicitFileType = wrapper.framework; includeInIndex = 0; path = Pods_DFN_sample_project.framework; sourceTree = BUILT_PRODUCTS_DIR; };
/* End PBXFileReference section */

/* Begin PBXFrameworksBuildPhase section */
		75EE4CE128A231AC007A75ED /* Frameworks */ = {
			isa = PBXFrameworksBuildPhase;
			buildActionMask = 2147483647;
			files = (
				0524054F99491B6479E4015D /* Pods_DFN_sample_project.framework in Frameworks */,
			);
			runOnlyForDeploymentPostprocessing = 0;
		};
/* End PBXFrameworksBuildPhase section */

/* Begin PBXGroup section */
		75EE4CDB28A231AC007A75ED = {
			isa = PBXGroup;
			children = (
				75EE4CE628A231AC007A75ED /* DFN_sample_project */,
				75EE4CE528A231AC007A75ED /* Products */,
				BE645A11BA5EE0AC62366783 /* Pods */,
				E0E441DFEB7B6F9E471B4AB1 /* Frameworks */,
			);
			sourceTree = "<group>";
		};
		75EE4CE528A231AC007A75ED /* Products */ = {
			isa = PBXGroup;
			children = (
				75EE4CE428A231AC007A75ED /* DFN_sample_project.app */,
			);
			name = Products;
			sourceTree = "<group>";
		};
		75EE4CE628A231AC007A75ED /* DFN_sample_project */ = {
			isa = PBXGroup;
			children = (
				75EE4CE728A231AC007A75ED /* AppDelegate.swift */,
				75EE4CE928A231AC007A75ED /* SceneDelegate.swift */,
				75EE4CEB28A231AC007A75ED /* ViewController.swift */,
				75EE4CED28A231AC007A75ED /* Main.storyboard */,
				75EE4CF028A231AD007A75ED /* Assets.xcassets */,
				75EE4CF228A231AD007A75ED /* LaunchScreen.storyboard */,
				75EE4CF528A231AD007A75ED /* Info.plist */,
			);
			path = DFN_sample_project;
			sourceTree = "<group>";
		};
		BE645A11BA5EE0AC62366783 /* Pods */ = {
			isa = PBXGroup;
			children = (
				CC7FD0D564661ABD374A6456 /* Pods-DFN_sample_project.debug.xcconfig */,
				65EC7B36044FCA64377053B6 /* Pods-DFN_sample_project.release.xcconfig */,
			);
			name = Pods;
			path = Pods;
			sourceTree = "<group>";
		};
		E0E441DFEB7B6F9E471B4AB1 /* Frameworks */ = {
			isa = PBXGroup;
			children = (
				EAE71941B6A190D3A71A65F7 /* Pods_DFN_sample_project.framework */,
			);
			name = Frameworks;
			sourceTree = "<group>";
		};
/* End PBXGroup section */

/* Begin PBXNativeTarget section */
		75EE4CE328A231AC007A75ED /* DFN_sample_project */ = {
			isa = PBXNativeTarget;
			buildConfigurationList = 75EE4CF828A231AD007A75ED /* Build configuration list for PBXNativeTarget "DFN_sample_project" */;
			buildPhases = (
				DE9F88AC04BE0B2B4E1CA3E1 /* [CP] Check Pods Manifest.lock */,
				75EE4CE028A231AC007A75ED /* Sources */,
				75EE4CE128A231AC007A75ED /* Frameworks */,
				75EE4CE228A231AC007A75ED /* Resources */,
				A8DDD2C181174CF9519D38B8 /* [CP] Embed Pods Frameworks */,
			);
			buildRules = (
			);
			dependencies = (
			);
			name = DFN_sample_project;
			productName = DFN_sample_project;
			productReference = 75EE4CE428A231AC007A75ED /* DFN_sample_project.app */;
			productType = "com.apple.product-type.application";
		};
/* End PBXNativeTarget section */

/* Begin PBXProject section */
		75EE4CDC28A231AC007A75ED /* Project object */ = {
			isa = PBXProject;
			attributes = {
				BuildIndependentTargetsInParallel = 1;
				LastSwiftUpdateCheck = 1400;
				LastUpgradeCheck = 1400;
				TargetAttributes = {
					75EE4CE328A231AC007A75ED = {
						CreatedOnToolsVersion = 14.0;
					};
				};
			};
			buildConfigurationList = 75EE4CDF28A231AC007A75ED /* Build configuration list for PBXProject "DFN_sample_project" */;
			compatibilityVersion = "Xcode 14.0";
			developmentRegion = en;
			hasScannedForEncodings = 0;
			knownRegions = (
				en,
				Base,
			);
			mainGroup = 75EE4CDB28A231AC007A75ED;
			productRefGroup = 75EE4CE528A231AC007A75ED /* Products */;
			projectDirPath = "";
			projectRoot = "";
			targets = (
				75EE4CE328A231AC007A75ED /* DFN_sample_project */,
			);
		};
/* End PBXProject section */

/* Begin PBXResourcesBuildPhase section */
		75EE4CE228A231AC007A75ED /* Resources */ = {
			isa = PBXResourcesBuildPhase;
			buildActionMask = 2147483647;
			files = (
				75EE4CF428A231AD007A75ED /* LaunchScreen.storyboard in Resources */,
				75EE4CF128A231AD007A75ED /* Assets.xcassets in Resources */,
				75EE4CEF28A231AC007A75ED /* Main.storyboard in Resources */,
			);
			runOnlyForDeploymentPostprocessing = 0;
		};
/* End PBXResourcesBuildPhase section */

/* Begin PBXShellScriptBuildPhase section */
		A8DDD2C181174CF9519D38B8 /* [CP] Embed Pods Frameworks */ = {
			isa = PBXShellScriptBuildPhase;
			buildActionMask = 2147483647;
			files = (
			);
			inputFileListPaths = (
				"${PODS_ROOT}/Target Support Files/Pods-DFN_sample_project/Pods-DFN_sample_project-frameworks-${CONFIGURATION}-input-files.xcfilelist",
			);
			name = "[CP] Embed Pods Frameworks";
			outputFileListPaths = (
				"${PODS_ROOT}/Target Support Files/Pods-DFN_sample_project/Pods-DFN_sample_project-frameworks-${CONFIGURATION}-output-files.xcfilelist",
			);
			runOnlyForDeploymentPostprocessing = 0;
			shellPath = /bin/sh;
			shellScript = "\"${PODS_ROOT}/Target Support Files/Pods-DFN_sample_project/Pods-DFN_sample_project-frameworks.sh\"\n";
			showEnvVarsInLog = 0;
		};
		DE9F88AC04BE0B2B4E1CA3E1 /* [CP] Check Pods Manifest.lock */ = {
			isa = PBXShellScriptBuildPhase;
			buildActionMask = 2147483647;
			files = (
			);
			inputFileListPaths = (
			);
			inputPaths = (
				"${PODS_PODFILE_DIR_PATH}/Podfile.lock",
				"${PODS_ROOT}/Manifest.lock",
			);
			name = "[CP] Check Pods Manifest.lock";
			outputFileListPaths = (
			);
			outputPaths = (
				"$(DERIVED_FILE_DIR)/Pods-DFN_sample_project-checkManifestLockResult.txt",
			);
			runOnlyForDeploymentPostprocessing = 0;
			shellPath = /bin/sh;
			shellScript = "diff \"${PODS_PODFILE_DIR_PATH}/Podfile.lock\" \"${PODS_ROOT}/Manifest.lock\" > /dev/null\nif [ $? != 0 ] ; then\n    # print error to STDERR\n    echo \"error: The sandbox is not in sync with the Podfile.lock. Run 'pod install' or update your CocoaPods installation.\" >&2\n    exit 1\nfi\n# This output is used by Xcode 'outputs' to avoid re-running this script phase.\necho \"SUCCESS\" > \"${SCRIPT_OUTPUT_FILE_0}\"\n";
			showEnvVarsInLog = 0;
		};
/* End PBXShellScriptBuildPhase section */

/* Begin PBXSourcesBuildPhase section */
		75EE4CE028A231AC007A75ED /* Sources */ = {
			isa = PBXSourcesBuildPhase;
			buildActionMask = 2147483647;
			files = (
				75EE4CEC28A231AC007A75ED /* ViewController.swift in Sources */,
				75EE4CE828A231AC007A75ED /* AppDelegate.swift in Sources */,
				75EE4CEA28A231AC007A75ED /* SceneDelegate.swift in Sources */,
			);
			runOnlyForDeploymentPostprocessing = 0;
		};
/* End PBXSourcesBuildPhase section */

/* Begin PBXVariantGroup section */
		75EE4CED28A231AC007A75ED /* Main.storyboard */ = {
			isa = PBXVariantGroup;
			children = (
				75EE4CEE28A231AC007A75ED /* Base */,
			);
			name = Main.storyboard;
			sourceTree = "<group>";
		};
		75EE4CF228A231AD007A75ED /* LaunchScreen.storyboard */ = {
			isa = PBXVariantGroup;
			children = (
				75EE4CF328A231AD007A75ED /* Base */,
			);
			name = LaunchScreen.storyboard;
			sourceTree = "<group>";
		};
/* End PBXVariantGroup section */

/* Begin XCBuildConfiguration section */
		75EE4CF628A231AD007A75ED /* Debug */ = {
			isa = XCBuildConfiguration;
			buildSettings = {
				ALWAYS_SEARCH_USER_PATHS = NO;
				CLANG_ANALYZER_NONNULL = YES;
				CLANG_ANALYZER_NUMBER_OBJECT_CONVERSION = YES_AGGRESSIVE;
				CLANG_CXX_LANGUAGE_STANDARD = "gnu++20";
				CLANG_ENABLE_MODULES = YES;
				CLANG_ENABLE_OBJC_ARC = YES;
				CLANG_ENABLE_OBJC_WEAK = YES;
				CLANG_WARN_BLOCK_CAPTURE_AUTORELEASING = YES;
				CLANG_WARN_BOOL_CONVERSION = YES;
				CLANG_WARN_COMMA = YES;
				CLANG_WARN_CONSTANT_CONVERSION = YES;
				CLANG_WARN_DEPRECATED_OBJC_IMPLEMENTATIONS = YES;
				CLANG_WARN_DIRECT_OBJC_ISA_USAGE = YES_ERROR;
				CLANG_WARN_DOCUMENTATION_COMMENTS = YES;
				CLANG_WARN_EMPTY_BODY = YES;
				CLANG_WARN_ENUM_CONVERSION = YES;
				CLANG_WARN_INFINITE_RECURSION = YES;
				CLANG_WARN_INT_CONVERSION = YES;
				CLANG_WARN_NON_LITERAL_NULL_CONVERSION = YES;
				CLANG_WARN_OBJC_IMPLICIT_RETAIN_SELF = YES;
				CLANG_WARN_OBJC_LITERAL_CONVERSION = YES;
				CLANG_WARN_OBJC_ROOT_CLASS = YES_ERROR;
				CLANG_WARN_QUOTED_INCLUDE_IN_FRAMEWORK_HEADER = YES;
				CLANG_WARN_RANGE_LOOP_ANALYSIS = YES;
				CLANG_WARN_STRICT_PROTOTYPES = YES;
				CLANG_WARN_SUSPICIOUS_MOVE = YES;
				CLANG_WARN_UNGUARDED_AVAILABILITY = YES_AGGRESSIVE;
				CLANG_WARN_UNREACHABLE_CODE = YES;
				CLANG_WARN__DUPLICATE_METHOD_MATCH = YES;
				COPY_PHASE_STRIP = NO;
				DEBUG_INFORMATION_FORMAT = dwarf;
				ENABLE_STRICT_OBJC_MSGSEND = YES;
				ENABLE_TESTABILITY = YES;
				GCC_C_LANGUAGE_STANDARD = gnu11;
				GCC_DYNAMIC_NO_PIC = NO;
				GCC_NO_COMMON_BLOCKS = YES;
				GCC_OPTIMIZATION_LEVEL = 0;
				GCC_PREPROCESSOR_DEFINITIONS = (
					"DEBUG=1",
					"$(inherited)",
				);
				GCC_WARN_64_TO_32_BIT_CONVERSION = YES;
				GCC_WARN_ABOUT_RETURN_TYPE = YES_ERROR;
				GCC_WARN_UNDECLARED_SELECTOR = YES;
				GCC_WARN_UNINITIALIZED_AUTOS = YES_AGGRESSIVE;
				GCC_WARN_UNUSED_FUNCTION = YES;
				GCC_WARN_UNUSED_VARIABLE = YES;
				IPHONEOS_DEPLOYMENT_TARGET = 16.0;
				MTL_ENABLE_DEBUG_INFO = INCLUDE_SOURCE;
				MTL_FAST_MATH = YES;
				ONLY_ACTIVE_ARCH = YES;
				SDKROOT = iphoneos;
				SWIFT_ACTIVE_COMPILATION_CONDITIONS = DEBUG;
				SWIFT_OPTIMIZATION_LEVEL = "-Onone";
			};
			name = Debug;
		};
		75EE4CF728A231AD007A75ED /* Release */ = {
			isa = XCBuildConfiguration;
			buildSettings = {
				ALWAYS_SEARCH_USER_PATHS = NO;
				CLANG_ANALYZER_NONNULL = YES;
				CLANG_ANALYZER_NUMBER_OBJECT_CONVERSION = YES_AGGRESSIVE;
				CLANG_CXX_LANGUAGE_STANDARD = "gnu++20";
				CLANG_ENABLE_MODULES = YES;
				CLANG_ENABLE_OBJC_ARC = YES;
				CLANG_ENABLE_OBJC_WEAK = YES;
				CLANG_WARN_BLOCK_CAPTURE_AUTORELEASING = YES;
				CLANG_WARN_BOOL_CONVERSION = YES;
				CLANG_WARN_COMMA = YES;
				CLANG_WARN_CONSTANT_CONVERSION = YES;
				CLANG_WARN_DEPRECATED_OBJC_IMPLEMENTATIONS = YES;
				CLANG_WARN_DIRECT_OBJC_ISA_USAGE = YES_ERROR;
				CLANG_WARN_DOCUMENTATION_COMMENTS = YES;
				CLANG_WARN_EMPTY_BODY = YES;
				CLANG_WARN_ENUM_CONVERSION = YES;
				CLANG_WARN_INFINITE_RECURSION = YES;
				CLANG_WARN_INT_CONVERSION = YES;
				CLANG_WARN_NON_LITERAL_NULL_CONVERSION = YES;
				CLANG_WARN_OBJC_IMPLICIT_RETAIN_SELF = YES;
				CLANG_WARN_OBJC_LITERAL_CONVERSION = YES;
				CLANG_WARN_OBJC_ROOT_CLASS = YES_ERROR;
				CLANG_WARN_QUOTED_INCLUDE_IN_FRAMEWORK_HEADER = YES;
				CLANG_WARN_RANGE_LOOP_ANALYSIS = YES;
				CLANG_WARN_STRICT_PROTOTYPES = YES;
				CLANG_WARN_SUSPICIOUS_MOVE = YES;
				CLANG_WARN_UNGUARDED_AVAILABILITY = YES_AGGRESSIVE;
				CLANG_WARN_UNREACHABLE_CODE = YES;
				CLANG_WARN__DUPLICATE_METHOD_MATCH = YES;
				COPY_PHASE_STRIP = NO;
				DEBUG_INFORMATION_FORMAT = "dwarf-with-dsym";
				ENABLE_NS_ASSERTIONS = NO;
				ENABLE_STRICT_OBJC_MSGSEND = YES;
				GCC_C_LANGUAGE_STANDARD = gnu11;
				GCC_NO_COMMON_BLOCKS = YES;
				GCC_WARN_64_TO_32_BIT_CONVERSION = YES;
				GCC_WARN_ABOUT_RETURN_TYPE = YES_ERROR;
				GCC_WARN_UNDECLARED_SELECTOR = YES;
				GCC_WARN_UNINITIALIZED_AUTOS = YES_AGGRESSIVE;
				GCC_WARN_UNUSED_FUNCTION = YES;
				GCC_WARN_UNUSED_VARIABLE = YES;
				IPHONEOS_DEPLOYMENT_TARGET = 16.0;
				MTL_ENABLE_DEBUG_INFO = NO;
				MTL_FAST_MATH = YES;
				SDKROOT = iphoneos;
				SWIFT_COMPILATION_MODE = wholemodule;
				SWIFT_OPTIMIZATION_LEVEL = "-O";
				VALIDATE_PRODUCT = YES;
			};
			name = Release;
		};
		75EE4CF928A231AD007A75ED /* Debug */ = {
			isa = XCBuildConfiguration;
			baseConfigurationReference = CC7FD0D564661ABD374A6456 /* Pods-DFN_sample_project.debug.xcconfig */;
			buildSettings = {
				ASSETCATALOG_COMPILER_APPICON_NAME = AppIcon;
				ASSETCATALOG_COMPILER_GLOBAL_ACCENT_COLOR_NAME = AccentColor;
				CODE_SIGN_STYLE = Automatic;
				CURRENT_PROJECT_VERSION = 1;
				DEVELOPMENT_TEAM = UHF5K3G5D7;
				GENERATE_INFOPLIST_FILE = YES;
				INFOPLIST_FILE = DFN_sample_project/Info.plist;
				INFOPLIST_KEY_UIApplicationSupportsIndirectInputEvents = YES;
				INFOPLIST_KEY_UILaunchStoryboardName = LaunchScreen;
				INFOPLIST_KEY_UIMainStoryboardFile = Main;
				INFOPLIST_KEY_UISupportedInterfaceOrientations_iPad = "UIInterfaceOrientationPortrait UIInterfaceOrientationPortraitUpsideDown UIInterfaceOrientationLandscapeLeft UIInterfaceOrientationLandscapeRight";
				INFOPLIST_KEY_UISupportedInterfaceOrientations_iPhone = "UIInterfaceOrientationPortrait UIInterfaceOrientationLandscapeLeft UIInterfaceOrientationLandscapeRight";
				LD_RUNPATH_SEARCH_PATHS = (
					"$(inherited)",
					"@executable_path/Frameworks",
				);
				MARKETING_VERSION = 1.0;
				PRODUCT_BUNDLE_IDENTIFIER = "igaworks.DFN-sample-project";
				PRODUCT_NAME = "$(TARGET_NAME)";
				SWIFT_EMIT_LOC_STRINGS = YES;
				SWIFT_VERSION = 5.0;
				TARGETED_DEVICE_FAMILY = "1,2";
			};
			name = Debug;
		};
		75EE4CFA28A231AD007A75ED /* Release */ = {
			isa = XCBuildConfiguration;
			baseConfigurationReference = 65EC7B36044FCA64377053B6 /* Pods-DFN_sample_project.release.xcconfig */;
			buildSettings = {
				ASSETCATALOG_COMPILER_APPICON_NAME = AppIcon;
				ASSETCATALOG_COMPILER_GLOBAL_ACCENT_COLOR_NAME = AccentColor;
				CODE_SIGN_STYLE = Automatic;
				CURRENT_PROJECT_VERSION = 1;
				DEVELOPMENT_TEAM = UHF5K3G5D7;
				GENERATE_INFOPLIST_FILE = YES;
				INFOPLIST_FILE = DFN_sample_project/Info.plist;
				INFOPLIST_KEY_UIApplicationSupportsIndirectInputEvents = YES;
				INFOPLIST_KEY_UILaunchStoryboardName = LaunchScreen;
				INFOPLIST_KEY_UIMainStoryboardFile = Main;
				INFOPLIST_KEY_UISupportedInterfaceOrientations_iPad = "UIInterfaceOrientationPortrait UIInterfaceOrientationPortraitUpsideDown UIInterfaceOrientationLandscapeLeft UIInterfaceOrientationLandscapeRight";
				INFOPLIST_KEY_UISupportedInterfaceOrientations_iPhone = "UIInterfaceOrientationPortrait UIInterfaceOrientationLandscapeLeft UIInterfaceOrientationLandscapeRight";
				LD_RUNPATH_SEARCH_PATHS = (
					"$(inherited)",
					"@executable_path/Frameworks",
				);
				MARKETING_VERSION = 1.0;
				PRODUCT_BUNDLE_IDENTIFIER = "igaworks.DFN-sample-project";
				PRODUCT_NAME = "$(TARGET_NAME)";
				SWIFT_EMIT_LOC_STRINGS = YES;
				SWIFT_VERSION = 5.0;
				TARGETED_DEVICE_FAMILY = "1,2";
			};
			name = Release;
		};
/* End XCBuildConfiguration section */

/* Begin XCConfigurationList section */
		75EE4CDF28A231AC007A75ED /* Build configuration list for PBXProject "DFN_sample_project" */ = {
			isa = XCConfigurationList;
			buildConfigurations = (
				75EE4CF628A231AD007A75ED /* Debug */,
				75EE4CF728A231AD007A75ED /* Release */,
			);
			defaultConfigurationIsVisible = 0;
			defaultConfigurationName = Release;
		};
		75EE4CF828A231AD007A75ED /* Build configuration list for PBXNativeTarget "DFN_sample_project" */ = {
			isa = XCConfigurationList;
			buildConfigurations = (
				75EE4CF928A231AD007A75ED /* Debug */,
				75EE4CFA28A231AD007A75ED /* Release */,
			);
			defaultConfigurationIsVisible = 0;
			defaultConfigurationName = Release;
		};
/* End XCConfigurationList section */
	};
	rootObject = 75EE4CDC28A231AC007A75ED /* Project object */;
}
